
Microsoft Visual Studio Solution File, Format Version 12.00
# Visual Studio Version 16
VisualStudioVersion = 16.0.30804.86
MinimumVisualStudioVersion = 10.0.40219.1
Project("{9A19103F-16F7-4668-BE54-9A1E7A4F7556}") = "Business", "Business\Business.csproj", "{F14A5F94-E6B4-413D-9358-6B27C9D008D0}"
EndProject
Project("{9A19103F-16F7-4668-BE54-9A1E7A4F7556}") = "Entities", "Entities\Entities.csproj", "{8B111C62-3149-48A3-B9DF-8F7653D57F90}"
EndProject
Project("{9A19103F-16F7-4668-BE54-9A1E7A4F7556}") = "DataAccess", "DataAccess\DataAccess.csproj", "{F91EF52F-BD58-495F-ADB2-80FA620A6D93}"
EndProject
Project("{9A19103F-16F7-4668-BE54-9A1E7A4F7556}") = "ConsoleUI", "ConsoleUI\ConsoleUI.csproj", "{81071234-3BC8-40C0-8767-566DDC12A0D6}"
EndProject
Project("{FAE04EC0-301F-11D3-BF4B-00C04F79EFBC}") = "Core", "Core\Core.csproj", "{FFC45A4A-2E37-42CF-8ABA-613CE903F666}"
EndProject
Global
	GlobalSection(SolutionConfigurationPlatforms) = preSolution
		Debug|Any CPU = Debug|Any CPU
		Release|Any CPU = Release|Any CPU
	EndGlobalSection
	GlobalSection(ProjectConfigurationPlatforms) = postSolution
		{F14A5F94-E6B4-413D-9358-6B27C9D008D0}.Debug|Any CPU.ActiveCfg = Debug|Any CPU
		{F14A5F94-E6B4-413D-9358-6B27C9D008D0}.Debug|Any CPU.Build.0 = Debug|Any CPU
		{F14A5F94-E6B4-413D-9358-6B27C9D008D0}.Release|Any CPU.ActiveCfg = Release|Any CPU
		{F14A5F94-E6B4-413D-9358-6B27C9D008D0}.Release|Any CPU.Build.0 = Release|Any CPU
		{8B111C62-3149-48A3-B9DF-8F7653D57F90}.Debug|Any CPU.ActiveCfg = Debug|Any CPU
		{8B111C62-3149-48A3-B9DF-8F7653D57F90}.Debug|Any CPU.Build.0 = Debug|Any CPU
		{8B111C62-3149-48A3-B9DF-8F7653D57F90}.Release|Any CPU.ActiveCfg = Release|Any CPU
		{8B111C62-3149-48A3-B9DF-8F7653D57F90}.Release|Any CPU.Build.0 = Release|Any CPU
		{F91EF52F-BD58-495F-ADB2-80FA620A6D93}.Debug|Any CPU.ActiveCfg = Debug|Any CPU
		{F91EF52F-BD58-495F-ADB2-80FA620A6D93}.Debug|Any CPU.Build.0 = Debug|Any CPU
		{F91EF52F-BD58-495F-ADB2-80FA620A6D93}.Release|Any CPU.ActiveCfg = Release|Any CPU
		{F91EF52F-BD58-495F-ADB2-80FA620A6D93}.Release|Any CPU.Build.0 = Release|Any CPU
		{81071234-3BC8-40C0-8767-566DDC12A0D6}.Debug|Any CPU.ActiveCfg = Debug|Any CPU
		{81071234-3BC8-40C0-8767-566DDC12A0D6}.Debug|Any CPU.Build.0 = Debug|Any CPU
		{81071234-3BC8-40C0-8767-566DDC12A0D6}.Release|Any CPU.ActiveCfg = Release|Any CPU
		{81071234-3BC8-40C0-8767-566DDC12A0D6}.Release|Any CPU.Build.0 = Release|Any CPU
		{FFC45A4A-2E37-42CF-8ABA-613CE903F666}.Debug|Any CPU.ActiveCfg = Debug|Any CPU
		{FFC45A4A-2E37-42CF-8ABA-613CE903F666}.Debug|Any CPU.Build.0 = Debug|Any CPU
		{FFC45A4A-2E37-42CF-8ABA-613CE903F666}.Release|Any CPU.ActiveCfg = Release|Any CPU
		{FFC45A4A-2E37-42CF-8ABA-613CE903F666}.Release|Any CPU.Build.0 = Release|Any CPU
	EndGlobalSection
	GlobalSection(SolutionProperties) = preSolution
		HideSolutionNode = FALSE
	EndGlobalSection
	GlobalSection(ExtensibilityGlobals) = postSolution
		SolutionGuid = {54AC860D-2F6D-4836-B86D-9670990B975C}
	EndGlobalSection
EndGlobal
